
Microsoft Visual Studio Solution File, Format Version 12.00
# Visual Studio Version 17
VisualStudioVersion = 17.4.33213.308
MinimumVisualStudioVersion = 10.0.40219.1
Project("{FAE04EC0-301F-11D3-BF4B-00C04F79EFBC}") = "PopulacaoAPI", "PopulacaoAPI.csproj", "{5980E2EA-3326-4D10-80CC-55B999C90AA8}"
EndProject
Project("{FAE04EC0-301F-11D3-BF4B-00C04F79EFBC}") = "ClassPopulacao", "..\ClassPopulacao\ClassPopulacao.csproj", "{0FA0B2A0-E272-4603-92FE-DE62FA0F5F31}"
EndProject
Global
	GlobalSection(SolutionConfigurationPlatforms) = preSolution
		Debug|Any CPU = Debug|Any CPU
		Release|Any CPU = Release|Any CPU
	EndGlobalSection
	GlobalSection(ProjectConfigurationPlatforms) = postSolution
		{5980E2EA-3326-4D10-80CC-55B999C90AA8}.Debug|Any CPU.ActiveCfg = Debug|Any CPU
		{5980E2EA-3326-4D10-80CC-55B999C90AA8}.Debug|Any CPU.Build.0 = Debug|Any CPU
		{5980E2EA-3326-4D10-80CC-55B999C90AA8}.Release|Any CPU.ActiveCfg = Release|Any CPU
		{5980E2EA-3326-4D10-80CC-55B999C90AA8}.Release|Any CPU.Build.0 = Release|Any CPU
		{0FA0B2A0-E272-4603-92FE-DE62FA0F5F31}.Debug|Any CPU.ActiveCfg = Debug|Any CPU
		{0FA0B2A0-E272-4603-92FE-DE62FA0F5F31}.Debug|Any CPU.Build.0 = Debug|Any CPU
		{0FA0B2A0-E272-4603-92FE-DE62FA0F5F31}.Release|Any CPU.ActiveCfg = Release|Any CPU
		{0FA0B2A0-E272-4603-92FE-DE62FA0F5F31}.Release|Any CPU.Build.0 = Release|Any CPU
	EndGlobalSection
	GlobalSection(SolutionProperties) = preSolution
		HideSolutionNode = FALSE
	EndGlobalSection
	GlobalSection(ExtensibilityGlobals) = postSolution
		SolutionGuid = {5000C1C5-6CA3-412D-8366-9500F08D2CE1}
	EndGlobalSection
EndGlobal
